---
mruby:
  version: 3.2.0
  release_no: 30200
  git_commit: ccdd81eb693878f7c1aad95beb2962cf9a1d1223
builds:
  host:
    https://github.com/mattn/mruby-iconv.git:
      url: https://github.com/mattn/mruby-iconv.git
      branch: master
      commit: 2d0a3aa7eabfa3cc48f5e2145b9016270510cc3f
      version: 0.0.0
    https://github.com/masahino/mruby-mrbmacs-lsp.git:
      url: https://github.com/masahino/mruby-mrbmacs-lsp.git
      branch: master
      commit: debd957298a5a02bc65e3162799866361a15c0e3
      version: 0.0.0
    https://github.com/masahino/mruby-mrbmacs-dap.git:
      url: https://github.com/masahino/mruby-mrbmacs-dap.git
      branch: main
      commit: 9efa1866f8321ed07f0f1ebd8766d12ea807e26a
      version: 0.0.0
    https://github.com/masahino/mruby-debug.git:
      url: https://github.com/masahino/mruby-debug.git
      branch: main
      commit: c5511d5bf6e95685a033488fdd9a3f725ef4b280
      version: 0.0.0
    https://github.com/masahino/mruby-lsp-client.git:
      url: https://github.com/masahino/mruby-lsp-client.git
      branch: master
      commit: 8e5c87108fe40557b3f91b87be4486e440ba23ee
      version: 0.0.0
    https://github.com/masahino/mruby-mrbmacs-base.git:
      url: https://github.com/masahino/mruby-mrbmacs-base.git
      branch: master
      commit: 2ef250f9bf14f1827e8def3dddc415b1cb3ffda6
      version: 0.9.0
    https://github.com/masahino/mruby-which.git:
      url: https://github.com/masahino/mruby-which.git
      branch: master
      commit: f2bc280af623fdfa85d94bcb6a1eb2cffecb0d19
      version: 0.0.0
    https://github.com/masahino/mruby-dap-client.git:
      url: https://github.com/masahino/mruby-dap-client.git
      branch: main
      commit: 6c314a7a3226cbca53dddcce4395df710c34d2ed
      version: 0.0.0
    https://github.com/katzer/mruby-process.git:
      url: https://github.com/katzer/mruby-process.git
      branch: master
      commit: 715014b1d9334ad6ff6fa3c55b87957ad1a6363a
      version: 0.0.0
    https://github.com/mattn/mruby-json.git:
      url: https://github.com/mattn/mruby-json.git
      branch: master
      commit: f99d9428025469f2400f93c53b185f65f963e507
      version: 0.0.0
    https://github.com/iij/mruby-env.git:
      url: https://github.com/iij/mruby-env.git
      branch: master
      commit: 056ae324451ef16a50c7887e117f0ea30921b71b
      version: 0.0.0
    https://github.com/masahino/mruby-scintilla-base.git:
      url: https://github.com/masahino/mruby-scintilla-base.git
      branch: master
      commit: d094e63135ad4cdcd959699ff6a435caaa6c9aa3
      version: 5.4.0
    https://github.com/iij/mruby-regexp-pcre.git:
      url: https://github.com/iij/mruby-regexp-pcre.git
      branch: master
      commit: 71bd16ba59239f04aefb73bb6d46d5b581f27b1b
      version: 0.0.0
    https://github.com/katzer/mruby-tiny-opt-parser.git:
      url: https://github.com/katzer/mruby-tiny-opt-parser.git
      branch: master
      commit: cb89bcca49d5fe64526d4912a323301322f8a860
      version: 0.0.0
    https://github.com/katzer/mruby-logger.git:
      url: https://github.com/katzer/mruby-logger.git
      branch: master
      commit: f794ef6f6ceff1794d02a6d9cfc1d281bdfcad21
      version: 0.0.0
    https://github.com/ksss/mruby-singleton.git:
      url: https://github.com/ksss/mruby-singleton.git
      branch: master
      commit: 73dd4bae1a47d82e49b8f85bf27f49ec4462052e
      version: 0.0.0
    https://github.com/mattn/mruby-require.git:
      url: https://github.com/mattn/mruby-require.git
      branch: master
      commit: 207df84569b7afc50701e277270ea48632620057
      version: 0.0.0
    https://github.com/ksss/mruby-file-stat.git:
      url: https://github.com/ksss/mruby-file-stat.git
      branch: master
      commit: bb773da39517f3ae7232538c7e9c476d45f3d9b7
      version: 0.0.0
    https://github.com/katzer/mruby-os.git:
      url: https://github.com/katzer/mruby-os.git
      branch: master
      commit: da1491c020b8f575108e15de40f3ccf7671e9a70
      version: 0.0.0
  mrbmacs-curses:
    https://github.com/mattn/mruby-iconv.git:
      url: https://github.com/mattn/mruby-iconv.git
      branch: master
      commit: 2d0a3aa7eabfa3cc48f5e2145b9016270510cc3f
      version: 0.0.0
    https://github.com/masahino/mruby-mrbmacs-lsp.git:
      url: https://github.com/masahino/mruby-mrbmacs-lsp.git
      branch: master
      commit: debd957298a5a02bc65e3162799866361a15c0e3
      version: 0.0.0
    https://github.com/masahino/mruby-mrbmacs-dap.git:
      url: https://github.com/masahino/mruby-mrbmacs-dap.git
      branch: main
      commit: 9efa1866f8321ed07f0f1ebd8766d12ea807e26a
      version: 0.0.0
    https://github.com/masahino/mruby-debug.git:
      url: https://github.com/masahino/mruby-debug.git
      branch: main
      commit: c5511d5bf6e95685a033488fdd9a3f725ef4b280
      version: 0.0.0
    https://github.com/masahino/mruby-bin-mrbmacs-curses.git:
      url: https://github.com/masahino/mruby-bin-mrbmacs-curses.git
      branch: master
      commit: 9bb33b9bb5ab7cdfabdc02b187046c978bb446c7
      version: 0.9.0
    https://github.com/masahino/mruby-lsp-client.git:
      url: https://github.com/masahino/mruby-lsp-client.git
      branch: master
      commit: 8e5c87108fe40557b3f91b87be4486e440ba23ee
      version: 0.0.0
    https://github.com/masahino/mruby-mrbmacs-base.git:
      url: https://github.com/masahino/mruby-mrbmacs-base.git
      branch: master
      commit: 2ef250f9bf14f1827e8def3dddc415b1cb3ffda6
      version: 0.9.0
    https://github.com/masahino/mruby-which.git:
      url: https://github.com/masahino/mruby-which.git
      branch: master
      commit: f2bc280af623fdfa85d94bcb6a1eb2cffecb0d19
      version: 0.0.0
    https://github.com/masahino/mruby-dap-client.git:
      url: https://github.com/masahino/mruby-dap-client.git
      branch: main
      commit: 6c314a7a3226cbca53dddcce4395df710c34d2ed
      version: 0.0.0
    https://github.com/masahino/mruby-scintilla-curses.git:
      url: https://github.com/masahino/mruby-scintilla-curses.git
      branch: master
      commit: b46b55431192b4cd89819107b45392aa388596a1
      version: 5.3.8
    https://github.com/masahino/mruby-termkey.git:
      url: https://github.com/masahino/mruby-termkey.git
      branch: master
      commit: d0c52187fa25e925142dc7ae4f6cb8746381f1db
      version: 0.0.0
    https://github.com/jbreeden/mruby-curses.git:
      url: https://github.com/jbreeden/mruby-curses.git
      branch: master
      commit: 5675ae6f4819c74c62b62d0c771b210740cc39f0
      version: 0.0.0
    https://github.com/mattn/mruby-require.git:
      url: https://github.com/mattn/mruby-require.git
      branch: master
      commit: 207df84569b7afc50701e277270ea48632620057
      version: 0.0.0
    https://github.com/katzer/mruby-process.git:
      url: https://github.com/katzer/mruby-process.git
      branch: master
      commit: 715014b1d9334ad6ff6fa3c55b87957ad1a6363a
      version: 0.0.0
    https://github.com/mattn/mruby-json.git:
      url: https://github.com/mattn/mruby-json.git
      branch: master
      commit: f99d9428025469f2400f93c53b185f65f963e507
      version: 0.0.0
    https://github.com/iij/mruby-env.git:
      url: https://github.com/iij/mruby-env.git
      branch: master
      commit: 056ae324451ef16a50c7887e117f0ea30921b71b
      version: 0.0.0
    https://github.com/masahino/mruby-scintilla-base.git:
      url: https://github.com/masahino/mruby-scintilla-base.git
      branch: master
      commit: d094e63135ad4cdcd959699ff6a435caaa6c9aa3
      version: 5.4.0
    https://github.com/iij/mruby-regexp-pcre.git:
      url: https://github.com/iij/mruby-regexp-pcre.git
      branch: master
      commit: 71bd16ba59239f04aefb73bb6d46d5b581f27b1b
      version: 0.0.0
    https://github.com/katzer/mruby-tiny-opt-parser.git:
      url: https://github.com/katzer/mruby-tiny-opt-parser.git
      branch: master
      commit: cb89bcca49d5fe64526d4912a323301322f8a860
      version: 0.0.0
    https://github.com/katzer/mruby-logger.git:
      url: https://github.com/katzer/mruby-logger.git
      branch: master
      commit: f794ef6f6ceff1794d02a6d9cfc1d281bdfcad21
      version: 0.0.0
    https://github.com/ksss/mruby-singleton.git:
      url: https://github.com/ksss/mruby-singleton.git
      branch: master
      commit: 73dd4bae1a47d82e49b8f85bf27f49ec4462052e
      version: 0.0.0
    https://github.com/ksss/mruby-file-stat.git:
      url: https://github.com/ksss/mruby-file-stat.git
      branch: master
      commit: bb773da39517f3ae7232538c7e9c476d45f3d9b7
      version: 0.0.0
    https://github.com/katzer/mruby-os.git:
      url: https://github.com/katzer/mruby-os.git
      branch: master
      commit: da1491c020b8f575108e15de40f3ccf7671e9a70
      version: 0.0.0
